// !$*UTF8*$!
{
	archiveVersion = 1;
	classes = {
	};
	objectVersion = 46;
	objects = {

/* Begin PBXBuildFile section */
		718189A41EA96EF50098DE9C /* ApiClient.swift in Sources */ = {isa = PBXBuildFile; fileRef = 718189A31EA96EF50098DE9C /* ApiClient.swift */; };
		93013BB11EC3608B0051B8D2 /* MyCollectionViewCell.swift in Sources */ = {isa = PBXBuildFile; fileRef = 93013BB01EC3608B0051B8D2 /* MyCollectionViewCell.swift */; };
		93013BB31EC3A30D0051B8D2 /* ReplacementBehaviorViewController.swift in Sources */ = {isa = PBXBuildFile; fileRef = 93013BB21EC3A30D0051B8D2 /* ReplacementBehaviorViewController.swift */; };
		931888111E9C7B1D00656099 /* AuthenticationViewController.swift in Sources */ = {isa = PBXBuildFile; fileRef = 931888101E9C7B1D00656099 /* AuthenticationViewController.swift */; };
		9351397B1E8BFCF8001FCEE5 /* TargetBehavior.swift in Sources */ = {isa = PBXBuildFile; fileRef = 9351397A1E8BFCF8001FCEE5 /* TargetBehavior.swift */; };
		9351397D1E8BFE3C001FCEE5 /* ReplacementBehavior.swift in Sources */ = {isa = PBXBuildFile; fileRef = 9351397C1E8BFE3C001FCEE5 /* ReplacementBehavior.swift */; };
		93624E581EC8E9560062627F /* FooterButtonCollectionReusableView.swift in Sources */ = {isa = PBXBuildFile; fileRef = 93624E571EC8E9560062627F /* FooterButtonCollectionReusableView.swift */; };
		93624E5A1EC8EB8D0062627F /* BehaviorDefinitionPageViewController.swift in Sources */ = {isa = PBXBuildFile; fileRef = 93624E591EC8EB8C0062627F /* BehaviorDefinitionPageViewController.swift */; };
		93624E5D1EC905E80062627F /* ReplacementBehaviorsPageViewController.swift in Sources */ = {isa = PBXBuildFile; fileRef = 93624E5C1EC905E80062627F /* ReplacementBehaviorsPageViewController.swift */; };
		93624E5F1EC95E330062627F /* addANewBehaviorViewController.swift in Sources */ = {isa = PBXBuildFile; fileRef = 93624E5E1EC95E330062627F /* addANewBehaviorViewController.swift */; };
		93660B421E895A8500F4342B /* AppDelegate.swift in Sources */ = {isa = PBXBuildFile; fileRef = 93660B411E895A8500F4342B /* AppDelegate.swift */; };
		93660B441E895A8500F4342B /* StudentViewController.swift in Sources */ = {isa = PBXBuildFile; fileRef = 93660B431E895A8500F4342B /* StudentViewController.swift */; };
		93660B471E895A8500F4342B /* Main.storyboard in Resources */ = {isa = PBXBuildFile; fileRef = 93660B451E895A8500F4342B /* Main.storyboard */; };
		93660B491E895A8500F4342B /* Assets.xcassets in Resources */ = {isa = PBXBuildFile; fileRef = 93660B481E895A8500F4342B /* Assets.xcassets */; };
		93660B4C1E895A8500F4342B /* LaunchScreen.storyboard in Resources */ = {isa = PBXBuildFile; fileRef = 93660B4A1E895A8500F4342B /* LaunchScreen.storyboard */; };
		93660B511E895A8500F4342B /* oyster WatchKit App.app in Embed Watch Content */ = {isa = PBXBuildFile; fileRef = 93660B501E895A8500F4342B /* oyster WatchKit App.app */; };
		93660B571E895A8500F4342B /* Interface.storyboard in Resources */ = {isa = PBXBuildFile; fileRef = 93660B551E895A8500F4342B /* Interface.storyboard */; };
		93660B591E895A8500F4342B /* Assets.xcassets in Resources */ = {isa = PBXBuildFile; fileRef = 93660B581E895A8500F4342B /* Assets.xcassets */; };
		93660B601E895A8500F4342B /* oyster WatchKit Extension.appex in Embed App Extensions */ = {isa = PBXBuildFile; fileRef = 93660B5F1E895A8500F4342B /* oyster WatchKit Extension.appex */; settings = {ATTRIBUTES = (RemoveHeadersOnCopy, ); }; };
		93660B671E895A8500F4342B /* InterfaceController.swift in Sources */ = {isa = PBXBuildFile; fileRef = 93660B661E895A8500F4342B /* InterfaceController.swift */; };
		93660B691E895A8500F4342B /* ExtensionDelegate.swift in Sources */ = {isa = PBXBuildFile; fileRef = 93660B681E895A8500F4342B /* ExtensionDelegate.swift */; };
		93660B6B1E895A8500F4342B /* NotificationController.swift in Sources */ = {isa = PBXBuildFile; fileRef = 93660B6A1E895A8500F4342B /* NotificationController.swift */; };
		93660B6D1E895A8500F4342B /* Assets.xcassets in Resources */ = {isa = PBXBuildFile; fileRef = 93660B6C1E895A8500F4342B /* Assets.xcassets */; };
		93660B7D1E895B3600F4342B /* Student.swift in Sources */ = {isa = PBXBuildFile; fileRef = 93660B7C1E895B3600F4342B /* Student.swift */; };
		93660B801E895BA100F4342B /* StudentTableViewController.swift in Sources */ = {isa = PBXBuildFile; fileRef = 93660B7F1E895BA100F4342B /* StudentTableViewController.swift */; };
		93660B821E895BCD00F4342B /* StudentTableViewCell.swift in Sources */ = {isa = PBXBuildFile; fileRef = 93660B811E895BCD00F4342B /* StudentTableViewCell.swift */; };
		9367C9451EC4B18400B36B0D /* TargetBehaviorsViewController.swift in Sources */ = {isa = PBXBuildFile; fileRef = 9367C9441EC4B18400B36B0D /* TargetBehaviorsViewController.swift */; };
		9367C9471EC4B58100B36B0D /* StudentTargetCounterCollectionViewController.swift in Sources */ = {isa = PBXBuildFile; fileRef = 9367C9461EC4B58100B36B0D /* StudentTargetCounterCollectionViewController.swift */; };
		9367C96A1EC5580B00B36B0D /* UiColors.swift in Sources */ = {isa = PBXBuildFile; fileRef = 9367C9691EC5580B00B36B0D /* UiColors.swift */; };
		9367C96C1EC5622F00B36B0D /* taps.swift in Sources */ = {isa = PBXBuildFile; fileRef = 9367C96B1EC5622F00B36B0D /* taps.swift */; };
		9367C96E1EC5629D00B36B0D /* behaviors.swift in Sources */ = {isa = PBXBuildFile; fileRef = 9367C96D1EC5629D00B36B0D /* behaviors.swift */; };
		9367C9731EC602E700B36B0D /* CollectionReusableView.swift in Sources */ = {isa = PBXBuildFile; fileRef = 9367C9721EC602E700B36B0D /* CollectionReusableView.swift */; };
		9367C9981EC647C900B36B0D /* SearchableBehaviorsCollectionViewController.swift in Sources */ = {isa = PBXBuildFile; fileRef = 9367C9971EC647C900B36B0D /* SearchableBehaviorsCollectionViewController.swift */; };
		93AD9D451EA5C3360044A328 /* BehaviorButton.swift in Sources */ = {isa = PBXBuildFile; fileRef = 93AD9D441EA5C3360044A328 /* BehaviorButton.swift */; };
		93C5CC5B1EC9F48B005A52F2 /* addNewReplacementViewController.swift in Sources */ = {isa = PBXBuildFile; fileRef = 93C5CC5A1EC9F48B005A52F2 /* addNewReplacementViewController.swift */; };
		93C5CC5D1ECA2D3E005A52F2 /* replacementBehaviorButton.swift in Sources */ = {isa = PBXBuildFile; fileRef = 93C5CC5C1ECA2D3E005A52F2 /* replacementBehaviorButton.swift */; };
		93C5CC5F1ECA485D005A52F2 /* circleButton.swift in Sources */ = {isa = PBXBuildFile; fileRef = 93C5CC5E1ECA485D005A52F2 /* circleButton.swift */; };
		93C5CC611ECA4B71005A52F2 /* notes.swift in Sources */ = {isa = PBXBuildFile; fileRef = 93C5CC601ECA4B71005A52F2 /* notes.swift */; };
		93DCEA0F1EC3D476006F9EFD /* StudentRecordViewController.swift in Sources */ = {isa = PBXBuildFile; fileRef = 93DCEA0E1EC3D476006F9EFD /* StudentRecordViewController.swift */; };
		93DCEA111EC3D7C9006F9EFD /* ViewController.swift in Sources */ = {isa = PBXBuildFile; fileRef = 93DCEA101EC3D7C9006F9EFD /* ViewController.swift */; };
/* End PBXBuildFile section */

/* Begin PBXContainerItemProxy section */
		93660B521E895A8500F4342B /* PBXContainerItemProxy */ = {
			isa = PBXContainerItemProxy;
			containerPortal = 93660B361E895A8500F4342B /* Project object */;
			proxyType = 1;
			remoteGlobalIDString = 93660B4F1E895A8500F4342B;
			remoteInfo = "oyster WatchKit App";
		};
		93660B611E895A8500F4342B /* PBXContainerItemProxy */ = {
			isa = PBXContainerItemProxy;
			containerPortal = 93660B361E895A8500F4342B /* Project object */;
			proxyType = 1;
			remoteGlobalIDString = 93660B5E1E895A8500F4342B;
			remoteInfo = "oyster WatchKit Extension";
		};
/* End PBXContainerItemProxy section */

/* Begin PBXCopyFilesBuildPhase section */
		93660B741E895A8600F4342B /* Embed App Extensions */ = {
			isa = PBXCopyFilesBuildPhase;
			buildActionMask = 2147483647;
			dstPath = "";
			dstSubfolderSpec = 13;
			files = (
				93660B601E895A8500F4342B /* oyster WatchKit Extension.appex in Embed App Extensions */,
			);
			name = "Embed App Extensions";
			runOnlyForDeploymentPostprocessing = 0;
		};
		93660B781E895A8600F4342B /* Embed Watch Content */ = {
			isa = PBXCopyFilesBuildPhase;
			buildActionMask = 2147483647;
			dstPath = "$(CONTENTS_FOLDER_PATH)/Watch";
			dstSubfolderSpec = 16;
			files = (
				93660B511E895A8500F4342B /* oyster WatchKit App.app in Embed Watch Content */,
			);
			name = "Embed Watch Content";
			runOnlyForDeploymentPostprocessing = 0;
		};
/* End PBXCopyFilesBuildPhase section */

/* Begin PBXFileReference section */
		718189A31EA96EF50098DE9C /* ApiClient.swift */ = {isa = PBXFileReference; fileEncoding = 4; lastKnownFileType = sourcecode.swift; path = ApiClient.swift; sourceTree = "<group>"; };
		93013BB01EC3608B0051B8D2 /* MyCollectionViewCell.swift */ = {isa = PBXFileReference; fileEncoding = 4; lastKnownFileType = sourcecode.swift; path = MyCollectionViewCell.swift; sourceTree = "<group>"; };
		93013BB21EC3A30D0051B8D2 /* ReplacementBehaviorViewController.swift */ = {isa = PBXFileReference; fileEncoding = 4; lastKnownFileType = sourcecode.swift; path = ReplacementBehaviorViewController.swift; sourceTree = "<group>"; };
		931888101E9C7B1D00656099 /* AuthenticationViewController.swift */ = {isa = PBXFileReference; fileEncoding = 4; lastKnownFileType = sourcecode.swift; path = AuthenticationViewController.swift; sourceTree = "<group>"; };
		9351397A1E8BFCF8001FCEE5 /* TargetBehavior.swift */ = {isa = PBXFileReference; fileEncoding = 4; lastKnownFileType = sourcecode.swift; path = TargetBehavior.swift; sourceTree = "<group>"; };
		9351397C1E8BFE3C001FCEE5 /* ReplacementBehavior.swift */ = {isa = PBXFileReference; fileEncoding = 4; lastKnownFileType = sourcecode.swift; path = ReplacementBehavior.swift; sourceTree = "<group>"; };
		93624E571EC8E9560062627F /* FooterButtonCollectionReusableView.swift */ = {isa = PBXFileReference; fileEncoding = 4; lastKnownFileType = sourcecode.swift; path = FooterButtonCollectionReusableView.swift; sourceTree = "<group>"; };
		93624E591EC8EB8C0062627F /* BehaviorDefinitionPageViewController.swift */ = {isa = PBXFileReference; fileEncoding = 4; lastKnownFileType = sourcecode.swift; path = BehaviorDefinitionPageViewController.swift; sourceTree = "<group>"; };
		93624E5C1EC905E80062627F /* ReplacementBehaviorsPageViewController.swift */ = {isa = PBXFileReference; fileEncoding = 4; lastKnownFileType = sourcecode.swift; path = ReplacementBehaviorsPageViewController.swift; sourceTree = "<group>"; };
		93624E5E1EC95E330062627F /* addANewBehaviorViewController.swift */ = {isa = PBXFileReference; fileEncoding = 4; lastKnownFileType = sourcecode.swift; path = addANewBehaviorViewController.swift; sourceTree = "<group>"; };
		93660B3E1E895A8500F4342B /* oyster.app */ = {isa = PBXFileReference; explicitFileType = wrapper.application; includeInIndex = 0; path = oyster.app; sourceTree = BUILT_PRODUCTS_DIR; };
		93660B411E895A8500F4342B /* AppDelegate.swift */ = {isa = PBXFileReference; lastKnownFileType = sourcecode.swift; path = AppDelegate.swift; sourceTree = "<group>"; };
		93660B431E895A8500F4342B /* StudentViewController.swift */ = {isa = PBXFileReference; lastKnownFileType = sourcecode.swift; path = StudentViewController.swift; sourceTree = "<group>"; };
		93660B461E895A8500F4342B /* Base */ = {isa = PBXFileReference; lastKnownFileType = file.storyboard; name = Base; path = Base.lproj/Main.storyboard; sourceTree = "<group>"; };
		93660B481E895A8500F4342B /* Assets.xcassets */ = {isa = PBXFileReference; lastKnownFileType = folder.assetcatalog; path = Assets.xcassets; sourceTree = "<group>"; };
		93660B4B1E895A8500F4342B /* Base */ = {isa = PBXFileReference; lastKnownFileType = file.storyboard; name = Base; path = Base.lproj/LaunchScreen.storyboard; sourceTree = "<group>"; };
		93660B4D1E895A8500F4342B /* Info.plist */ = {isa = PBXFileReference; lastKnownFileType = text.plist.xml; path = Info.plist; sourceTree = "<group>"; };
		93660B501E895A8500F4342B /* oyster WatchKit App.app */ = {isa = PBXFileReference; explicitFileType = wrapper.application; includeInIndex = 0; path = "oyster WatchKit App.app"; sourceTree = BUILT_PRODUCTS_DIR; };
		93660B561E895A8500F4342B /* Base */ = {isa = PBXFileReference; lastKnownFileType = file.storyboard; name = Base; path = Base.lproj/Interface.storyboard; sourceTree = "<group>"; };
		93660B581E895A8500F4342B /* Assets.xcassets */ = {isa = PBXFileReference; lastKnownFileType = folder.assetcatalog; path = Assets.xcassets; sourceTree = "<group>"; };
		93660B5A1E895A8500F4342B /* Info.plist */ = {isa = PBXFileReference; lastKnownFileType = text.plist.xml; path = Info.plist; sourceTree = "<group>"; };
		93660B5F1E895A8500F4342B /* oyster WatchKit Extension.appex */ = {isa = PBXFileReference; explicitFileType = "wrapper.app-extension"; includeInIndex = 0; path = "oyster WatchKit Extension.appex"; sourceTree = BUILT_PRODUCTS_DIR; };
		93660B651E895A8500F4342B /* PushNotificationPayload.apns */ = {isa = PBXFileReference; lastKnownFileType = text; path = PushNotificationPayload.apns; sourceTree = "<group>"; };
		93660B661E895A8500F4342B /* InterfaceController.swift */ = {isa = PBXFileReference; lastKnownFileType = sourcecode.swift; path = InterfaceController.swift; sourceTree = "<group>"; };
		93660B681E895A8500F4342B /* ExtensionDelegate.swift */ = {isa = PBXFileReference; lastKnownFileType = sourcecode.swift; path = ExtensionDelegate.swift; sourceTree = "<group>"; };
		93660B6A1E895A8500F4342B /* NotificationController.swift */ = {isa = PBXFileReference; lastKnownFileType = sourcecode.swift; path = NotificationController.swift; sourceTree = "<group>"; };
		93660B6C1E895A8500F4342B /* Assets.xcassets */ = {isa = PBXFileReference; lastKnownFileType = folder.assetcatalog; path = Assets.xcassets; sourceTree = "<group>"; };
		93660B6E1E895A8500F4342B /* Info.plist */ = {isa = PBXFileReference; lastKnownFileType = text.plist.xml; path = Info.plist; sourceTree = "<group>"; };
		93660B7C1E895B3600F4342B /* Student.swift */ = {isa = PBXFileReference; fileEncoding = 4; lastKnownFileType = sourcecode.swift; path = Student.swift; sourceTree = "<group>"; };
		93660B7F1E895BA100F4342B /* StudentTableViewController.swift */ = {isa = PBXFileReference; fileEncoding = 4; lastKnownFileType = sourcecode.swift; path = StudentTableViewController.swift; sourceTree = "<group>"; };
		93660B811E895BCD00F4342B /* StudentTableViewCell.swift */ = {isa = PBXFileReference; fileEncoding = 4; lastKnownFileType = sourcecode.swift; path = StudentTableViewCell.swift; sourceTree = "<group>"; };
		9367C9441EC4B18400B36B0D /* TargetBehaviorsViewController.swift */ = {isa = PBXFileReference; fileEncoding = 4; lastKnownFileType = sourcecode.swift; path = TargetBehaviorsViewController.swift; sourceTree = "<group>"; };
		9367C9461EC4B58100B36B0D /* StudentTargetCounterCollectionViewController.swift */ = {isa = PBXFileReference; fileEncoding = 4; lastKnownFileType = sourcecode.swift; path = StudentTargetCounterCollectionViewController.swift; sourceTree = "<group>"; };
		9367C9691EC5580B00B36B0D /* UiColors.swift */ = {isa = PBXFileReference; fileEncoding = 4; lastKnownFileType = sourcecode.swift; path = UiColors.swift; sourceTree = "<group>"; };
		9367C96B1EC5622F00B36B0D /* taps.swift */ = {isa = PBXFileReference; fileEncoding = 4; lastKnownFileType = sourcecode.swift; path = taps.swift; sourceTree = "<group>"; };
		9367C96D1EC5629D00B36B0D /* behaviors.swift */ = {isa = PBXFileReference; fileEncoding = 4; lastKnownFileType = sourcecode.swift; path = behaviors.swift; sourceTree = "<group>"; };
		9367C9721EC602E700B36B0D /* CollectionReusableView.swift */ = {isa = PBXFileReference; fileEncoding = 4; lastKnownFileType = sourcecode.swift; path = CollectionReusableView.swift; sourceTree = "<group>"; };
		9367C9971EC647C900B36B0D /* SearchableBehaviorsCollectionViewController.swift */ = {isa = PBXFileReference; fileEncoding = 4; lastKnownFileType = sourcecode.swift; path = SearchableBehaviorsCollectionViewController.swift; sourceTree = "<group>"; };
		93AD9D441EA5C3360044A328 /* BehaviorButton.swift */ = {isa = PBXFileReference; fileEncoding = 4; lastKnownFileType = sourcecode.swift; path = BehaviorButton.swift; sourceTree = "<group>"; };
		93C5CC5A1EC9F48B005A52F2 /* addNewReplacementViewController.swift */ = {isa = PBXFileReference; fileEncoding = 4; lastKnownFileType = sourcecode.swift; path = addNewReplacementViewController.swift; sourceTree = "<group>"; };
		93C5CC5C1ECA2D3E005A52F2 /* replacementBehaviorButton.swift */ = {isa = PBXFileReference; fileEncoding = 4; lastKnownFileType = sourcecode.swift; path = replacementBehaviorButton.swift; sourceTree = "<group>"; };
		93C5CC5E1ECA485D005A52F2 /* circleButton.swift */ = {isa = PBXFileReference; fileEncoding = 4; lastKnownFileType = sourcecode.swift; path = circleButton.swift; sourceTree = "<group>"; };
		93C5CC601ECA4B71005A52F2 /* notes.swift */ = {isa = PBXFileReference; fileEncoding = 4; lastKnownFileType = sourcecode.swift; path = notes.swift; sourceTree = "<group>"; };
		93DCEA0E1EC3D476006F9EFD /* StudentRecordViewController.swift */ = {isa = PBXFileReference; fileEncoding = 4; lastKnownFileType = sourcecode.swift; path = StudentRecordViewController.swift; sourceTree = "<group>"; };
		93DCEA101EC3D7C9006F9EFD /* ViewController.swift */ = {isa = PBXFileReference; fileEncoding = 4; lastKnownFileType = sourcecode.swift; path = ViewController.swift; sourceTree = "<group>"; };
/* End PBXFileReference section */

/* Begin PBXFrameworksBuildPhase section */
		93660B3B1E895A8500F4342B /* Frameworks */ = {
			isa = PBXFrameworksBuildPhase;
			buildActionMask = 2147483647;
			files = (
			);
			runOnlyForDeploymentPostprocessing = 0;
		};
		93660B5C1E895A8500F4342B /* Frameworks */ = {
			isa = PBXFrameworksBuildPhase;
			buildActionMask = 2147483647;
			files = (
			);
			runOnlyForDeploymentPostprocessing = 0;
		};
/* End PBXFrameworksBuildPhase section */

/* Begin PBXGroup section */
		93624E5B1EC8FB1F0062627F /* Behavior Definition Page */ = {
			isa = PBXGroup;
			children = (
				93624E591EC8EB8C0062627F /* BehaviorDefinitionPageViewController.swift */,
			);
			name = "Behavior Definition Page";
			sourceTree = "<group>";
		};
		93660B351E895A8500F4342B = {
			isa = PBXGroup;
			children = (
				93660B401E895A8500F4342B /* oyster */,
				93660B541E895A8500F4342B /* oyster WatchKit App */,
				93660B631E895A8500F4342B /* oyster WatchKit Extension */,
				93660B3F1E895A8500F4342B /* Products */,
				93660B7E1E895B6600F4342B /* obejcts */,
			);
			sourceTree = "<group>";
		};
		93660B3F1E895A8500F4342B /* Products */ = {
			isa = PBXGroup;
			children = (
				93660B3E1E895A8500F4342B /* oyster.app */,
				93660B501E895A8500F4342B /* oyster WatchKit App.app */,
				93660B5F1E895A8500F4342B /* oyster WatchKit Extension.appex */,
			);
			name = Products;
			sourceTree = "<group>";
		};
		93660B401E895A8500F4342B /* oyster */ = {
			isa = PBXGroup;
			children = (
				93C5CC601ECA4B71005A52F2 /* notes.swift */,
				9367C9691EC5580B00B36B0D /* UiColors.swift */,
				9367C96B1EC5622F00B36B0D /* taps.swift */,
				9367C96D1EC5629D00B36B0D /* behaviors.swift */,
				93C5CC5E1ECA485D005A52F2 /* circleButton.swift */,
				93AD9D441EA5C3360044A328 /* BehaviorButton.swift */,
				93C5CC5C1ECA2D3E005A52F2 /* replacementBehaviorButton.swift */,
				9367C9701EC5651D00B36B0D /* Authentication Page */,
				93660B831E895BF600F4342B /* Initial Table View */,
				9367C96F1EC564ED00B36B0D /* Behavior Pages */,
				9367C9711EC5659E00B36B0D /* Student Detail Page */,
				93660B451E895A8500F4342B /* Main.storyboard */,
				93624E5E1EC95E330062627F /* addANewBehaviorViewController.swift */,
				93C5CC5A1EC9F48B005A52F2 /* addNewReplacementViewController.swift */,
				93624E5B1EC8FB1F0062627F /* Behavior Definition Page */,
				93624E571EC8E9560062627F /* FooterButtonCollectionReusableView.swift */,
				9367C9991EC647CD00B36B0D /* SearchableBehaviorPage */,
				9367C9721EC602E700B36B0D /* CollectionReusableView.swift */,
				9367C9461EC4B58100B36B0D /* StudentTargetCounterCollectionViewController.swift */,
				93DCEA0E1EC3D476006F9EFD /* StudentRecordViewController.swift */,
				93660B481E895A8500F4342B /* Assets.xcassets */,
				93660B411E895A8500F4342B /* AppDelegate.swift */,
				93DCEA101EC3D7C9006F9EFD /* ViewController.swift */,
				93660B4A1E895A8500F4342B /* LaunchScreen.storyboard */,
				93660B4D1E895A8500F4342B /* Info.plist */,
				718189A31EA96EF50098DE9C /* ApiClient.swift */,
			);
			path = oyster;
			sourceTree = "<group>";
		};
		93660B541E895A8500F4342B /* oyster WatchKit App */ = {
			isa = PBXGroup;
			children = (
				93660B551E895A8500F4342B /* Interface.storyboard */,
				93660B581E895A8500F4342B /* Assets.xcassets */,
				93660B5A1E895A8500F4342B /* Info.plist */,
			);
			path = "oyster WatchKit App";
			sourceTree = "<group>";
		};
		93660B631E895A8500F4342B /* oyster WatchKit Extension */ = {
			isa = PBXGroup;
			children = (
				93660B661E895A8500F4342B /* InterfaceController.swift */,
				93660B681E895A8500F4342B /* ExtensionDelegate.swift */,
				93660B6A1E895A8500F4342B /* NotificationController.swift */,
				93660B6C1E895A8500F4342B /* Assets.xcassets */,
				93660B6E1E895A8500F4342B /* Info.plist */,
				93660B641E895A8500F4342B /* Supporting Files */,
			);
			path = "oyster WatchKit Extension";
			sourceTree = "<group>";
		};
		93660B641E895A8500F4342B /* Supporting Files */ = {
			isa = PBXGroup;
			children = (
				93660B651E895A8500F4342B /* PushNotificationPayload.apns */,
			);
			name = "Supporting Files";
			sourceTree = "<group>";
		};
		93660B7E1E895B6600F4342B /* obejcts */ = {
			isa = PBXGroup;
			children = (
				93660B7C1E895B3600F4342B /* Student.swift */,
				9351397A1E8BFCF8001FCEE5 /* TargetBehavior.swift */,
				9351397C1E8BFE3C001FCEE5 /* ReplacementBehavior.swift */,
			);
			name = obejcts;
			path = oyster;
			sourceTree = "<group>";
		};
		93660B831E895BF600F4342B /* Initial Table View */ = {
			isa = PBXGroup;
			children = (
				93660B811E895BCD00F4342B /* StudentTableViewCell.swift */,
				93660B7F1E895BA100F4342B /* StudentTableViewController.swift */,
			);
			name = "Initial Table View";
			sourceTree = "<group>";
		};
		9367C96F1EC564ED00B36B0D /* Behavior Pages */ = {
			isa = PBXGroup;
			children = (
				93013BB01EC3608B0051B8D2 /* MyCollectionViewCell.swift */,
				93013BB21EC3A30D0051B8D2 /* ReplacementBehaviorViewController.swift */,
				9367C9441EC4B18400B36B0D /* TargetBehaviorsViewController.swift */,
			);
			name = "Behavior Pages";
			sourceTree = "<group>";
		};
		9367C9701EC5651D00B36B0D /* Authentication Page */ = {
			isa = PBXGroup;
			children = (
				931888101E9C7B1D00656099 /* AuthenticationViewController.swift */,
			);
			name = "Authentication Page";
			sourceTree = "<group>";
		};
		9367C9711EC5659E00B36B0D /* Student Detail Page */ = {
			isa = PBXGroup;
			children = (
				93660B431E895A8500F4342B /* StudentViewController.swift */,
			);
			name = "Student Detail Page";
			sourceTree = "<group>";
		};
		9367C9991EC647CD00B36B0D /* SearchableBehaviorPage */ = {
			isa = PBXGroup;
			children = (
				9367C9971EC647C900B36B0D /* SearchableBehaviorsCollectionViewController.swift */,
				93624E5C1EC905E80062627F /* ReplacementBehaviorsPageViewController.swift */,
			);
			name = SearchableBehaviorPage;
			sourceTree = "<group>";
		};
/* End PBXGroup section */

/* Begin PBXNativeTarget section */
		93660B3D1E895A8500F4342B /* oyster */ = {
			isa = PBXNativeTarget;
			buildConfigurationList = 93660B791E895A8600F4342B /* Build configuration list for PBXNativeTarget "oyster" */;
			buildPhases = (
				93660B3A1E895A8500F4342B /* Sources */,
				93660B3B1E895A8500F4342B /* Frameworks */,
				93660B3C1E895A8500F4342B /* Resources */,
				93660B781E895A8600F4342B /* Embed Watch Content */,
			);
			buildRules = (
			);
			dependencies = (
				93660B531E895A8500F4342B /* PBXTargetDependency */,
			);
			name = oyster;
			productName = oyster;
			productReference = 93660B3E1E895A8500F4342B /* oyster.app */;
			productType = "com.apple.product-type.application";
		};
		93660B4F1E895A8500F4342B /* oyster WatchKit App */ = {
			isa = PBXNativeTarget;
			buildConfigurationList = 93660B751E895A8600F4342B /* Build configuration list for PBXNativeTarget "oyster WatchKit App" */;
			buildPhases = (
				93660B4E1E895A8500F4342B /* Resources */,
				93660B741E895A8600F4342B /* Embed App Extensions */,
			);
			buildRules = (
			);
			dependencies = (
				93660B621E895A8500F4342B /* PBXTargetDependency */,
			);
			name = "oyster WatchKit App";
			productName = "oyster WatchKit App";
			productReference = 93660B501E895A8500F4342B /* oyster WatchKit App.app */;
			productType = "com.apple.product-type.application.watchapp2";
		};
		93660B5E1E895A8500F4342B /* oyster WatchKit Extension */ = {
			isa = PBXNativeTarget;
			buildConfigurationList = 93660B711E895A8600F4342B /* Build configuration list for PBXNativeTarget "oyster WatchKit Extension" */;
			buildPhases = (
				93660B5B1E895A8500F4342B /* Sources */,
				93660B5C1E895A8500F4342B /* Frameworks */,
				93660B5D1E895A8500F4342B /* Resources */,
			);
			buildRules = (
			);
			dependencies = (
			);
			name = "oyster WatchKit Extension";
			productName = "oyster WatchKit Extension";
			productReference = 93660B5F1E895A8500F4342B /* oyster WatchKit Extension.appex */;
			productType = "com.apple.product-type.watchkit2-extension";
		};
/* End PBXNativeTarget section */

/* Begin PBXProject section */
		93660B361E895A8500F4342B /* Project object */ = {
			isa = PBXProject;
			attributes = {
				LastSwiftUpdateCheck = 0820;
				LastUpgradeCheck = 0820;
				ORGANIZATIONNAME = Otter;
				TargetAttributes = {
					93660B3D1E895A8500F4342B = {
						CreatedOnToolsVersion = 8.2.1;
						DevelopmentTeam = 57H4KPM6R2;
						ProvisioningStyle = Automatic;
					};
					93660B4F1E895A8500F4342B = {
						CreatedOnToolsVersion = 8.2.1;
						DevelopmentTeam = 57H4KPM6R2;
						ProvisioningStyle = Automatic;
					};
					93660B5E1E895A8500F4342B = {
						CreatedOnToolsVersion = 8.2.1;
						DevelopmentTeam = 57H4KPM6R2;
						ProvisioningStyle = Automatic;
					};
				};
			};
			buildConfigurationList = 93660B391E895A8500F4342B /* Build configuration list for PBXProject "oyster" */;
			compatibilityVersion = "Xcode 3.2";
			developmentRegion = English;
			hasScannedForEncodings = 0;
			knownRegions = (
				en,
				Base,
			);
			mainGroup = 93660B351E895A8500F4342B;
			productRefGroup = 93660B3F1E895A8500F4342B /* Products */;
			projectDirPath = "";
			projectRoot = "";
			targets = (
				93660B3D1E895A8500F4342B /* oyster */,
				93660B4F1E895A8500F4342B /* oyster WatchKit App */,
				93660B5E1E895A8500F4342B /* oyster WatchKit Extension */,
			);
		};
/* End PBXProject section */

/* Begin PBXResourcesBuildPhase section */
		93660B3C1E895A8500F4342B /* Resources */ = {
			isa = PBXResourcesBuildPhase;
			buildActionMask = 2147483647;
			files = (
				93660B4C1E895A8500F4342B /* LaunchScreen.storyboard in Resources */,
				93660B491E895A8500F4342B /* Assets.xcassets in Resources */,
				93660B471E895A8500F4342B /* Main.storyboard in Resources */,
			);
			runOnlyForDeploymentPostprocessing = 0;
		};
		93660B4E1E895A8500F4342B /* Resources */ = {
			isa = PBXResourcesBuildPhase;
			buildActionMask = 2147483647;
			files = (
				93660B591E895A8500F4342B /* Assets.xcassets in Resources */,
				93660B571E895A8500F4342B /* Interface.storyboard in Resources */,
			);
			runOnlyForDeploymentPostprocessing = 0;
		};
		93660B5D1E895A8500F4342B /* Resources */ = {
			isa = PBXResourcesBuildPhase;
			buildActionMask = 2147483647;
			files = (
				93660B6D1E895A8500F4342B /* Assets.xcassets in Resources */,
			);
			runOnlyForDeploymentPostprocessing = 0;
		};
/* End PBXResourcesBuildPhase section */

/* Begin PBXSourcesBuildPhase section */
		93660B3A1E895A8500F4342B /* Sources */ = {
			isa = PBXSourcesBuildPhase;
			buildActionMask = 2147483647;
			files = (
				93DCEA111EC3D7C9006F9EFD /* ViewController.swift in Sources */,
				93660B441E895A8500F4342B /* StudentViewController.swift in Sources */,
				93C5CC5B1EC9F48B005A52F2 /* addNewReplacementViewController.swift in Sources */,
				93DCEA0F1EC3D476006F9EFD /* StudentRecordViewController.swift in Sources */,
				9367C9981EC647C900B36B0D /* SearchableBehaviorsCollectionViewController.swift in Sources */,
				93624E581EC8E9560062627F /* FooterButtonCollectionReusableView.swift in Sources */,
				93660B821E895BCD00F4342B /* StudentTableViewCell.swift in Sources */,
				9367C9451EC4B18400B36B0D /* TargetBehaviorsViewController.swift in Sources */,
				9367C96E1EC5629D00B36B0D /* behaviors.swift in Sources */,
				93660B7D1E895B3600F4342B /* Student.swift in Sources */,
				9367C9471EC4B58100B36B0D /* StudentTargetCounterCollectionViewController.swift in Sources */,
				9367C96C1EC5622F00B36B0D /* taps.swift in Sources */,
				93C5CC611ECA4B71005A52F2 /* notes.swift in Sources */,
				93624E5F1EC95E330062627F /* addANewBehaviorViewController.swift in Sources */,
				93660B801E895BA100F4342B /* StudentTableViewController.swift in Sources */,
				931888111E9C7B1D00656099 /* AuthenticationViewController.swift in Sources */,
				9351397D1E8BFE3C001FCEE5 /* ReplacementBehavior.swift in Sources */,
				93660B421E895A8500F4342B /* AppDelegate.swift in Sources */,
				9367C9731EC602E700B36B0D /* CollectionReusableView.swift in Sources */,
				93AD9D451EA5C3360044A328 /* BehaviorButton.swift in Sources */,
				9351397B1E8BFCF8001FCEE5 /* TargetBehavior.swift in Sources */,
				93013BB11EC3608B0051B8D2 /* MyCollectionViewCell.swift in Sources */,
				718189A41EA96EF50098DE9C /* ApiClient.swift in Sources */,
				93013BB31EC3A30D0051B8D2 /* ReplacementBehaviorViewController.swift in Sources */,
				93C5CC5F1ECA485D005A52F2 /* circleButton.swift in Sources */,
				93C5CC5D1ECA2D3E005A52F2 /* replacementBehaviorButton.swift in Sources */,
				9367C96A1EC5580B00B36B0D /* UiColors.swift in Sources */,
				93624E5D1EC905E80062627F /* ReplacementBehaviorsPageViewController.swift in Sources */,
				93624E5A1EC8EB8D0062627F /* BehaviorDefinitionPageViewController.swift in Sources */,
			);
			runOnlyForDeploymentPostprocessing = 0;
		};
		93660B5B1E895A8500F4342B /* Sources */ = {
			isa = PBXSourcesBuildPhase;
			buildActionMask = 2147483647;
			files = (
				93660B6B1E895A8500F4342B /* NotificationController.swift in Sources */,
				93660B691E895A8500F4342B /* ExtensionDelegate.swift in Sources */,
				93660B671E895A8500F4342B /* InterfaceController.swift in Sources */,
			);
			runOnlyForDeploymentPostprocessing = 0;
		};
/* End PBXSourcesBuildPhase section */

/* Begin PBXTargetDependency section */
		93660B531E895A8500F4342B /* PBXTargetDependency */ = {
			isa = PBXTargetDependency;
			target = 93660B4F1E895A8500F4342B /* oyster WatchKit App */;
			targetProxy = 93660B521E895A8500F4342B /* PBXContainerItemProxy */;
		};
		93660B621E895A8500F4342B /* PBXTargetDependency */ = {
			isa = PBXTargetDependency;
			target = 93660B5E1E895A8500F4342B /* oyster WatchKit Extension */;
			targetProxy = 93660B611E895A8500F4342B /* PBXContainerItemProxy */;
		};
/* End PBXTargetDependency section */

/* Begin PBXVariantGroup section */
		93660B451E895A8500F4342B /* Main.storyboard */ = {
			isa = PBXVariantGroup;
			children = (
				93660B461E895A8500F4342B /* Base */,
			);
			name = Main.storyboard;
			sourceTree = "<group>";
		};
		93660B4A1E895A8500F4342B /* LaunchScreen.storyboard */ = {
			isa = PBXVariantGroup;
			children = (
				93660B4B1E895A8500F4342B /* Base */,
			);
			name = LaunchScreen.storyboard;
			sourceTree = "<group>";
		};
		93660B551E895A8500F4342B /* Interface.storyboard */ = {
			isa = PBXVariantGroup;
			children = (
				93660B561E895A8500F4342B /* Base */,
			);
			name = Interface.storyboard;
			sourceTree = "<group>";
		};
/* End PBXVariantGroup section */

/* Begin XCBuildConfiguration section */
		93660B6F1E895A8500F4342B /* Debug */ = {
			isa = XCBuildConfiguration;
			buildSettings = {
				ALWAYS_SEARCH_USER_PATHS = NO;
				CLANG_ANALYZER_NONNULL = YES;
				CLANG_CXX_LANGUAGE_STANDARD = "gnu++0x";
				CLANG_CXX_LIBRARY = "libc++";
				CLANG_ENABLE_MODULES = YES;
				CLANG_ENABLE_OBJC_ARC = YES;
				CLANG_WARN_BOOL_CONVERSION = YES;
				CLANG_WARN_CONSTANT_CONVERSION = YES;
				CLANG_WARN_DIRECT_OBJC_ISA_USAGE = YES_ERROR;
				CLANG_WARN_DOCUMENTATION_COMMENTS = YES;
				CLANG_WARN_EMPTY_BODY = YES;
				CLANG_WARN_ENUM_CONVERSION = YES;
				CLANG_WARN_INFINITE_RECURSION = YES;
				CLANG_WARN_INT_CONVERSION = YES;
				CLANG_WARN_OBJC_ROOT_CLASS = YES_ERROR;
				CLANG_WARN_SUSPICIOUS_MOVE = YES;
				CLANG_WARN_UNREACHABLE_CODE = YES;
				CLANG_WARN__DUPLICATE_METHOD_MATCH = YES;
				"CODE_SIGN_IDENTITY[sdk=iphoneos*]" = "iPhone Developer";
				COPY_PHASE_STRIP = NO;
				DEBUG_INFORMATION_FORMAT = dwarf;
				ENABLE_STRICT_OBJC_MSGSEND = YES;
				ENABLE_TESTABILITY = YES;
				GCC_C_LANGUAGE_STANDARD = gnu99;
				GCC_DYNAMIC_NO_PIC = NO;
				GCC_NO_COMMON_BLOCKS = YES;
				GCC_OPTIMIZATION_LEVEL = 0;
				GCC_PREPROCESSOR_DEFINITIONS = (
					"DEBUG=1",
					"$(inherited)",
				);
				GCC_WARN_64_TO_32_BIT_CONVERSION = YES;
				GCC_WARN_ABOUT_RETURN_TYPE = YES_ERROR;
				GCC_WARN_UNDECLARED_SELECTOR = YES;
				GCC_WARN_UNINITIALIZED_AUTOS = YES_AGGRESSIVE;
				GCC_WARN_UNUSED_FUNCTION = YES;
				GCC_WARN_UNUSED_VARIABLE = YES;
				IPHONEOS_DEPLOYMENT_TARGET = 10.2;
				MTL_ENABLE_DEBUG_INFO = YES;
				ONLY_ACTIVE_ARCH = YES;
				SDKROOT = iphoneos;
				SWIFT_ACTIVE_COMPILATION_CONDITIONS = DEBUG;
				SWIFT_OPTIMIZATION_LEVEL = "-Onone";
				TARGETED_DEVICE_FAMILY = "1,2";
			};
			name = Debug;
		};
		93660B701E895A8500F4342B /* Release */ = {
			isa = XCBuildConfiguration;
			buildSettings = {
				ALWAYS_SEARCH_USER_PATHS = NO;
				CLANG_ANALYZER_NONNULL = YES;
				CLANG_CXX_LANGUAGE_STANDARD = "gnu++0x";
				CLANG_CXX_LIBRARY = "libc++";
				CLANG_ENABLE_MODULES = YES;
				CLANG_ENABLE_OBJC_ARC = YES;
				CLANG_WARN_BOOL_CONVERSION = YES;
				CLANG_WARN_CONSTANT_CONVERSION = YES;
				CLANG_WARN_DIRECT_OBJC_ISA_USAGE = YES_ERROR;
				CLANG_WARN_DOCUMENTATION_COMMENTS = YES;
				CLANG_WARN_EMPTY_BODY = YES;
				CLANG_WARN_ENUM_CONVERSION = YES;
				CLANG_WARN_INFINITE_RECURSION = YES;
				CLANG_WARN_INT_CONVERSION = YES;
				CLANG_WARN_OBJC_ROOT_CLASS = YES_ERROR;
				CLANG_WARN_SUSPICIOUS_MOVE = YES;
				CLANG_WARN_UNREACHABLE_CODE = YES;
				CLANG_WARN__DUPLICATE_METHOD_MATCH = YES;
				"CODE_SIGN_IDENTITY[sdk=iphoneos*]" = "iPhone Developer";
				COPY_PHASE_STRIP = NO;
				DEBUG_INFORMATION_FORMAT = "dwarf-with-dsym";
				ENABLE_NS_ASSERTIONS = NO;
				ENABLE_STRICT_OBJC_MSGSEND = YES;
				GCC_C_LANGUAGE_STANDARD = gnu99;
				GCC_NO_COMMON_BLOCKS = YES;
				GCC_WARN_64_TO_32_BIT_CONVERSION = YES;
				GCC_WARN_ABOUT_RETURN_TYPE = YES_ERROR;
				GCC_WARN_UNDECLARED_SELECTOR = YES;
				GCC_WARN_UNINITIALIZED_AUTOS = YES_AGGRESSIVE;
				GCC_WARN_UNUSED_FUNCTION = YES;
				GCC_WARN_UNUSED_VARIABLE = YES;
				IPHONEOS_DEPLOYMENT_TARGET = 10.2;
				MTL_ENABLE_DEBUG_INFO = NO;
				SDKROOT = iphoneos;
				SWIFT_OPTIMIZATION_LEVEL = "-Owholemodule";
				TARGETED_DEVICE_FAMILY = "1,2";
				VALIDATE_PRODUCT = YES;
			};
			name = Release;
		};
		93660B721E895A8600F4342B /* Debug */ = {
			isa = XCBuildConfiguration;
			buildSettings = {
				ASSETCATALOG_COMPILER_COMPLICATION_NAME = Complication;
				DEVELOPMENT_TEAM = 57H4KPM6R2;
				INFOPLIST_FILE = "oyster WatchKit Extension/Info.plist";
				LD_RUNPATH_SEARCH_PATHS = "$(inherited) @executable_path/Frameworks @executable_path/../../Frameworks";
				PRODUCT_BUNDLE_IDENTIFIER = Otter.oyster.watchkitapp.watchkitextension;
				PRODUCT_NAME = "${TARGET_NAME}";
				SDKROOT = watchos;
				SKIP_INSTALL = YES;
				SWIFT_VERSION = 3.0;
				TARGETED_DEVICE_FAMILY = 4;
				WATCHOS_DEPLOYMENT_TARGET = 3.1;
			};
			name = Debug;
		};
		93660B731E895A8600F4342B /* Release */ = {
			isa = XCBuildConfiguration;
			buildSettings = {
				ASSETCATALOG_COMPILER_COMPLICATION_NAME = Complication;
				DEVELOPMENT_TEAM = 57H4KPM6R2;
				INFOPLIST_FILE = "oyster WatchKit Extension/Info.plist";
				LD_RUNPATH_SEARCH_PATHS = "$(inherited) @executable_path/Frameworks @executable_path/../../Frameworks";
				PRODUCT_BUNDLE_IDENTIFIER = Otter.oyster.watchkitapp.watchkitextension;
				PRODUCT_NAME = "${TARGET_NAME}";
				SDKROOT = watchos;
				SKIP_INSTALL = YES;
				SWIFT_VERSION = 3.0;
				TARGETED_DEVICE_FAMILY = 4;
				WATCHOS_DEPLOYMENT_TARGET = 3.1;
			};
			name = Release;
		};
		93660B761E895A8600F4342B /* Debug */ = {
			isa = XCBuildConfiguration;
			buildSettings = {
				ALWAYS_EMBED_SWIFT_STANDARD_LIBRARIES = YES;
				ASSETCATALOG_COMPILER_APPICON_NAME = AppIcon;
				DEVELOPMENT_TEAM = 57H4KPM6R2;
				IBSC_MODULE = oyster_WatchKit_Extension;
				INFOPLIST_FILE = "oyster WatchKit App/Info.plist";
				PRODUCT_BUNDLE_IDENTIFIER = Otter.oyster.watchkitapp;
				PRODUCT_NAME = "$(TARGET_NAME)";
				SDKROOT = watchos;
				SKIP_INSTALL = YES;
				SWIFT_VERSION = 3.0;
				TARGETED_DEVICE_FAMILY = 4;
				WATCHOS_DEPLOYMENT_TARGET = 3.1;
			};
			name = Debug;
		};
		93660B771E895A8600F4342B /* Release */ = {
			isa = XCBuildConfiguration;
			buildSettings = {
				ALWAYS_EMBED_SWIFT_STANDARD_LIBRARIES = YES;
				ASSETCATALOG_COMPILER_APPICON_NAME = AppIcon;
				DEVELOPMENT_TEAM = 57H4KPM6R2;
				IBSC_MODULE = oyster_WatchKit_Extension;
				INFOPLIST_FILE = "oyster WatchKit App/Info.plist";
				PRODUCT_BUNDLE_IDENTIFIER = Otter.oyster.watchkitapp;
				PRODUCT_NAME = "$(TARGET_NAME)";
				SDKROOT = watchos;
				SKIP_INSTALL = YES;
				SWIFT_VERSION = 3.0;
				TARGETED_DEVICE_FAMILY = 4;
				WATCHOS_DEPLOYMENT_TARGET = 3.1;
			};
			name = Release;
		};
		93660B7A1E895A8600F4342B /* Debug */ = {
			isa = XCBuildConfiguration;
			buildSettings = {
				ASSETCATALOG_COMPILER_APPICON_NAME = AppIcon;
				DEVELOPMENT_TEAM = 57H4KPM6R2;
				INFOPLIST_FILE = oyster/Info.plist;
				LD_RUNPATH_SEARCH_PATHS = "$(inherited) @executable_path/Frameworks";
				PRODUCT_BUNDLE_IDENTIFIER = Otter.oyster;
				PRODUCT_NAME = "$(TARGET_NAME)";
				SWIFT_VERSION = 3.0;
			};
			name = Debug;
		};
		93660B7B1E895A8600F4342B /* Release */ = {
			isa = XCBuildConfiguration;
			buildSettings = {
				ASSETCATALOG_COMPILER_APPICON_NAME = AppIcon;
				DEVELOPMENT_TEAM = 57H4KPM6R2;
				INFOPLIST_FILE = oyster/Info.plist;
				LD_RUNPATH_SEARCH_PATHS = "$(inherited) @executable_path/Frameworks";
				PRODUCT_BUNDLE_IDENTIFIER = Otter.oyster;
				PRODUCT_NAME = "$(TARGET_NAME)";
				SWIFT_VERSION = 3.0;
			};
			name = Release;
		};
/* End XCBuildConfiguration section */

/* Begin XCConfigurationList section */
		93660B391E895A8500F4342B /* Build configuration list for PBXProject "oyster" */ = {
			isa = XCConfigurationList;
			buildConfigurations = (
				93660B6F1E895A8500F4342B /* Debug */,
				93660B701E895A8500F4342B /* Release */,
			);
			defaultConfigurationIsVisible = 0;
			defaultConfigurationName = Release;
		};
		93660B711E895A8600F4342B /* Build configuration list for PBXNativeTarget "oyster WatchKit Extension" */ = {
			isa = XCConfigurationList;
			buildConfigurations = (
				93660B721E895A8600F4342B /* Debug */,
				93660B731E895A8600F4342B /* Release */,
			);
			defaultConfigurationIsVisible = 0;
			defaultConfigurationName = Release;
		};
		93660B751E895A8600F4342B /* Build configuration list for PBXNativeTarget "oyster WatchKit App" */ = {
			isa = XCConfigurationList;
			buildConfigurations = (
				93660B761E895A8600F4342B /* Debug */,
				93660B771E895A8600F4342B /* Release */,
			);
			defaultConfigurationIsVisible = 0;
			defaultConfigurationName = Release;
		};
		93660B791E895A8600F4342B /* Build configuration list for PBXNativeTarget "oyster" */ = {
			isa = XCConfigurationList;
			buildConfigurations = (
				93660B7A1E895A8600F4342B /* Debug */,
				93660B7B1E895A8600F4342B /* Release */,
			);
			defaultConfigurationIsVisible = 0;
			defaultConfigurationName = Release;
		};
/* End XCConfigurationList section */
	};
	rootObject = 93660B361E895A8500F4342B /* Project object */;
}
